// !$*UTF8*$!
{
	archiveVersion = 1;
	classes = {
	};
	objectVersion = 46;
	objects = {

/* Begin PBXBuildFile section */
		B18990C81B07936800F9752A /* AppDelegate.swift in Sources */ = {isa = PBXBuildFile; fileRef = B18990C71B07936800F9752A /* AppDelegate.swift */; };
		B18990CA1B07936800F9752A /* FirstViewController.swift in Sources */ = {isa = PBXBuildFile; fileRef = B18990C91B07936800F9752A /* FirstViewController.swift */; };
		B18990CC1B07936800F9752A /* SecondViewController.swift in Sources */ = {isa = PBXBuildFile; fileRef = B18990CB1B07936800F9752A /* SecondViewController.swift */; };
		B18990CF1B07936800F9752A /* Main.storyboard in Resources */ = {isa = PBXBuildFile; fileRef = B18990CD1B07936800F9752A /* Main.storyboard */; };
		B18990D11B07936800F9752A /* Images.xcassets in Resources */ = {isa = PBXBuildFile; fileRef = B18990D01B07936800F9752A /* Images.xcassets */; };
		B18990D41B07936800F9752A /* LaunchScreen.xib in Resources */ = {isa = PBXBuildFile; fileRef = B18990D21B07936800F9752A /* LaunchScreen.xib */; };
		B18990E01B07936800F9752A /* GachaSimuTests.swift in Sources */ = {isa = PBXBuildFile; fileRef = B18990DF1B07936800F9752A /* GachaSimuTests.swift */; };
		B18990F71B0793B500F9752A /* RAMBounceAnimation.swift in Sources */ = {isa = PBXBuildFile; fileRef = B18990EC1B0793B500F9752A /* RAMBounceAnimation.swift */; };
		B18990F81B0793B500F9752A /* RAMFrameItemAnimation.swift in Sources */ = {isa = PBXBuildFile; fileRef = B18990EE1B0793B500F9752A /* RAMFrameItemAnimation.swift */; };
		B18990F91B0793B500F9752A /* RAMFumeAnimation.swift in Sources */ = {isa = PBXBuildFile; fileRef = B18990F01B0793B500F9752A /* RAMFumeAnimation.swift */; };
		B18990FA1B0793B500F9752A /* RAMRotationAnimation.swift in Sources */ = {isa = PBXBuildFile; fileRef = B18990F21B0793B500F9752A /* RAMRotationAnimation.swift */; };
		B18990FB1B0793B500F9752A /* RAMTransitionItemAnimation.swift in Sources */ = {isa = PBXBuildFile; fileRef = B18990F41B0793B500F9752A /* RAMTransitionItemAnimation.swift */; };
		B18990FC1B0793B500F9752A /* RAMAnimatedTabBarController.swift in Sources */ = {isa = PBXBuildFile; fileRef = B18990F51B0793B500F9752A /* RAMAnimatedTabBarController.swift */; };
		B18990FD1B0793B500F9752A /* RAMItemAnimationProtocol.swift in Sources */ = {isa = PBXBuildFile; fileRef = B18990F61B0793B500F9752A /* RAMItemAnimationProtocol.swift */; };
/* End PBXBuildFile section */

/* Begin PBXContainerItemProxy section */
		B18990DA1B07936800F9752A /* PBXContainerItemProxy */ = {
			isa = PBXContainerItemProxy;
			containerPortal = B18990BA1B07936800F9752A /* Project object */;
			proxyType = 1;
			remoteGlobalIDString = B18990C11B07936800F9752A;
			remoteInfo = GachaSimu;
		};
/* End PBXContainerItemProxy section */

/* Begin PBXFileReference section */
		B18990C21B07936800F9752A /* GachaSimu.app */ = {isa = PBXFileReference; explicitFileType = wrapper.application; includeInIndex = 0; path = GachaSimu.app; sourceTree = BUILT_PRODUCTS_DIR; };
		B18990C61B07936800F9752A /* Info.plist */ = {isa = PBXFileReference; lastKnownFileType = text.plist.xml; path = Info.plist; sourceTree = "<group>"; };
		B18990C71B07936800F9752A /* AppDelegate.swift */ = {isa = PBXFileReference; lastKnownFileType = sourcecode.swift; path = AppDelegate.swift; sourceTree = "<group>"; };
		B18990C91B07936800F9752A /* FirstViewController.swift */ = {isa = PBXFileReference; lastKnownFileType = sourcecode.swift; path = FirstViewController.swift; sourceTree = "<group>"; };
		B18990CB1B07936800F9752A /* SecondViewController.swift */ = {isa = PBXFileReference; lastKnownFileType = sourcecode.swift; path = SecondViewController.swift; sourceTree = "<group>"; };
		B18990CE1B07936800F9752A /* Base */ = {isa = PBXFileReference; lastKnownFileType = file.storyboard; name = Base; path = Base.lproj/Main.storyboard; sourceTree = "<group>"; };
		B18990D01B07936800F9752A /* Images.xcassets */ = {isa = PBXFileReference; lastKnownFileType = folder.assetcatalog; path = Images.xcassets; sourceTree = "<group>"; };
		B18990D31B07936800F9752A /* Base */ = {isa = PBXFileReference; lastKnownFileType = file.xib; name = Base; path = Base.lproj/LaunchScreen.xib; sourceTree = "<group>"; };
		B18990D91B07936800F9752A /* GachaSimuTests.xctest */ = {isa = PBXFileReference; explicitFileType = wrapper.cfbundle; includeInIndex = 0; path = GachaSimuTests.xctest; sourceTree = BUILT_PRODUCTS_DIR; };
		B18990DE1B07936800F9752A /* Info.plist */ = {isa = PBXFileReference; lastKnownFileType = text.plist.xml; path = Info.plist; sourceTree = "<group>"; };
		B18990DF1B07936800F9752A /* GachaSimuTests.swift */ = {isa = PBXFileReference; lastKnownFileType = sourcecode.swift; path = GachaSimuTests.swift; sourceTree = "<group>"; };
		B18990EC1B0793B500F9752A /* RAMBounceAnimation.swift */ = {isa = PBXFileReference; fileEncoding = 4; lastKnownFileType = sourcecode.swift; path = RAMBounceAnimation.swift; sourceTree = "<group>"; };
		B18990EE1B0793B500F9752A /* RAMFrameItemAnimation.swift */ = {isa = PBXFileReference; fileEncoding = 4; lastKnownFileType = sourcecode.swift; path = RAMFrameItemAnimation.swift; sourceTree = "<group>"; };
		B18990F01B0793B500F9752A /* RAMFumeAnimation.swift */ = {isa = PBXFileReference; fileEncoding = 4; lastKnownFileType = sourcecode.swift; path = RAMFumeAnimation.swift; sourceTree = "<group>"; };
		B18990F21B0793B500F9752A /* RAMRotationAnimation.swift */ = {isa = PBXFileReference; fileEncoding = 4; lastKnownFileType = sourcecode.swift; path = RAMRotationAnimation.swift; sourceTree = "<group>"; };
		B18990F41B0793B500F9752A /* RAMTransitionItemAnimation.swift */ = {isa = PBXFileReference; fileEncoding = 4; lastKnownFileType = sourcecode.swift; path = RAMTransitionItemAnimation.swift; sourceTree = "<group>"; };
		B18990F51B0793B500F9752A /* RAMAnimatedTabBarController.swift */ = {isa = PBXFileReference; fileEncoding = 4; lastKnownFileType = sourcecode.swift; path = RAMAnimatedTabBarController.swift; sourceTree = "<group>"; };
		B18990F61B0793B500F9752A /* RAMItemAnimationProtocol.swift */ = {isa = PBXFileReference; fileEncoding = 4; lastKnownFileType = sourcecode.swift; path = RAMItemAnimationProtocol.swift; sourceTree = "<group>"; };
/* End PBXFileReference section */

/* Begin PBXFrameworksBuildPhase section */
		B18990BF1B07936800F9752A /* Frameworks */ = {
			isa = PBXFrameworksBuildPhase;
			buildActionMask = 2147483647;
			files = (
			);
			runOnlyForDeploymentPostprocessing = 0;
		};
		B18990D61B07936800F9752A /* Frameworks */ = {
			isa = PBXFrameworksBuildPhase;
			buildActionMask = 2147483647;
			files = (
			);
			runOnlyForDeploymentPostprocessing = 0;
		};
/* End PBXFrameworksBuildPhase section */

/* Begin PBXGroup section */
		B18990B91B07936800F9752A = {
			isa = PBXGroup;
			children = (
				B18990C41B07936800F9752A /* GachaSimu */,
				B18990DC1B07936800F9752A /* GachaSimuTests */,
				B18990C31B07936800F9752A /* Products */,
			);
			sourceTree = "<group>";
		};
		B18990C31B07936800F9752A /* Products */ = {
			isa = PBXGroup;
			children = (
				B18990C21B07936800F9752A /* GachaSimu.app */,
				B18990D91B07936800F9752A /* GachaSimuTests.xctest */,
			);
			name = Products;
			sourceTree = "<group>";
		};
		B18990C41B07936800F9752A /* GachaSimu */ = {
			isa = PBXGroup;
			children = (
				B18990E91B0793B500F9752A /* RAMAnimatedTabBarController */,
				B18990C71B07936800F9752A /* AppDelegate.swift */,
				B18990C91B07936800F9752A /* FirstViewController.swift */,
				B18990CB1B07936800F9752A /* SecondViewController.swift */,
				B18990CD1B07936800F9752A /* Main.storyboard */,
				B18990D01B07936800F9752A /* Images.xcassets */,
				B18990D21B07936800F9752A /* LaunchScreen.xib */,
				B18990C51B07936800F9752A /* Supporting Files */,
			);
			path = GachaSimu;
			sourceTree = "<group>";
		};
		B18990C51B07936800F9752A /* Supporting Files */ = {
			isa = PBXGroup;
			children = (
				B18990C61B07936800F9752A /* Info.plist */,
			);
			name = "Supporting Files";
			sourceTree = "<group>";
		};
		B18990DC1B07936800F9752A /* GachaSimuTests */ = {
			isa = PBXGroup;
			children = (
				B18990DF1B07936800F9752A /* GachaSimuTests.swift */,
				B18990DD1B07936800F9752A /* Supporting Files */,
			);
			path = GachaSimuTests;
			sourceTree = "<group>";
		};
		B18990DD1B07936800F9752A /* Supporting Files */ = {
			isa = PBXGroup;
			children = (
				B18990DE1B07936800F9752A /* Info.plist */,
			);
			name = "Supporting Files";
			sourceTree = "<group>";
		};
		B18990E91B0793B500F9752A /* RAMAnimatedTabBarController */ = {
			isa = PBXGroup;
			children = (
				B18990EA1B0793B500F9752A /* Animations */,
				B18990F51B0793B500F9752A /* RAMAnimatedTabBarController.swift */,
				B18990F61B0793B500F9752A /* RAMItemAnimationProtocol.swift */,
			);
			name = RAMAnimatedTabBarController;
			path = ../RAMAnimatedTabBarController;
			sourceTree = "<group>";
		};
		B18990EA1B0793B500F9752A /* Animations */ = {
			isa = PBXGroup;
			children = (
				B18990EB1B0793B500F9752A /* BounceAnimation */,
				B18990ED1B0793B500F9752A /* FrameAnimation */,
				B18990EF1B0793B500F9752A /* FumeAnimation */,
				B18990F11B0793B500F9752A /* RotationAnimation */,
				B18990F31B0793B500F9752A /* TransitionAniamtions */,
			);
			path = Animations;
			sourceTree = "<group>";
		};
		B18990EB1B0793B500F9752A /* BounceAnimation */ = {
			isa = PBXGroup;
			children = (
				B18990EC1B0793B500F9752A /* RAMBounceAnimation.swift */,
			);
			path = BounceAnimation;
			sourceTree = "<group>";
		};
		B18990ED1B0793B500F9752A /* FrameAnimation */ = {
			isa = PBXGroup;
			children = (
				B18990EE1B0793B500F9752A /* RAMFrameItemAnimation.swift */,
			);
			path = FrameAnimation;
			sourceTree = "<group>";
		};
		B18990EF1B0793B500F9752A /* FumeAnimation */ = {
			isa = PBXGroup;
			children = (
				B18990F01B0793B500F9752A /* RAMFumeAnimation.swift */,
			);
			path = FumeAnimation;
			sourceTree = "<group>";
		};
		B18990F11B0793B500F9752A /* RotationAnimation */ = {
			isa = PBXGroup;
			children = (
				B18990F21B0793B500F9752A /* RAMRotationAnimation.swift */,
			);
			path = RotationAnimation;
			sourceTree = "<group>";
		};
		B18990F31B0793B500F9752A /* TransitionAniamtions */ = {
			isa = PBXGroup;
			children = (
				B18990F41B0793B500F9752A /* RAMTransitionItemAnimation.swift */,
			);
			path = TransitionAniamtions;
			sourceTree = "<group>";
		};
/* End PBXGroup section */

/* Begin PBXNativeTarget section */
		B18990C11B07936800F9752A /* GachaSimu */ = {
			isa = PBXNativeTarget;
			buildConfigurationList = B18990E31B07936800F9752A /* Build configuration list for PBXNativeTarget "GachaSimu" */;
			buildPhases = (
				B18990BE1B07936800F9752A /* Sources */,
				B18990BF1B07936800F9752A /* Frameworks */,
				B18990C01B07936800F9752A /* Resources */,
			);
			buildRules = (
			);
			dependencies = (
			);
			name = GachaSimu;
			productName = GachaSimu;
			productReference = B18990C21B07936800F9752A /* GachaSimu.app */;
			productType = "com.apple.product-type.application";
		};
		B18990D81B07936800F9752A /* GachaSimuTests */ = {
			isa = PBXNativeTarget;
			buildConfigurationList = B18990E61B07936800F9752A /* Build configuration list for PBXNativeTarget "GachaSimuTests" */;
			buildPhases = (
				B18990D51B07936800F9752A /* Sources */,
				B18990D61B07936800F9752A /* Frameworks */,
				B18990D71B07936800F9752A /* Resources */,
			);
			buildRules = (
			);
			dependencies = (
				B18990DB1B07936800F9752A /* PBXTargetDependency */,
			);
			name = GachaSimuTests;
			productName = GachaSimuTests;
			productReference = B18990D91B07936800F9752A /* GachaSimuTests.xctest */;
			productType = "com.apple.product-type.bundle.unit-test";
		};
/* End PBXNativeTarget section */

/* Begin PBXProject section */
		B18990BA1B07936800F9752A /* Project object */ = {
			isa = PBXProject;
			attributes = {
				LastUpgradeCheck = 0630;
				ORGANIZATIONNAME = "林田宗一郎";
				TargetAttributes = {
					B18990C11B07936800F9752A = {
						CreatedOnToolsVersion = 6.3.1;
					};
					B18990D81B07936800F9752A = {
						CreatedOnToolsVersion = 6.3.1;
						TestTargetID = B18990C11B07936800F9752A;
					};
				};
			};
			buildConfigurationList = B18990BD1B07936800F9752A /* Build configuration list for PBXProject "GachaSimu" */;
			compatibilityVersion = "Xcode 3.2";
			developmentRegion = English;
			hasScannedForEncodings = 0;
			knownRegions = (
				en,
				Base,
			);
			mainGroup = B18990B91B07936800F9752A;
			productRefGroup = B18990C31B07936800F9752A /* Products */;
			projectDirPath = "";
			projectRoot = "";
			targets = (
				B18990C11B07936800F9752A /* GachaSimu */,
				B18990D81B07936800F9752A /* GachaSimuTests */,
			);
		};
/* End PBXProject section */

/* Begin PBXResourcesBuildPhase section */
		B18990C01B07936800F9752A /* Resources */ = {
			isa = PBXResourcesBuildPhase;
			buildActionMask = 2147483647;
			files = (
				B18990CF1B07936800F9752A /* Main.storyboard in Resources */,
				B18990D41B07936800F9752A /* LaunchScreen.xib in Resources */,
				B18990D11B07936800F9752A /* Images.xcassets in Resources */,
			);
			runOnlyForDeploymentPostprocessing = 0;
		};
		B18990D71B07936800F9752A /* Resources */ = {
			isa = PBXResourcesBuildPhase;
			buildActionMask = 2147483647;
			files = (
			);
			runOnlyForDeploymentPostprocessing = 0;
		};
/* End PBXResourcesBuildPhase section */

/* Begin PBXSourcesBuildPhase section */
		B18990BE1B07936800F9752A /* Sources */ = {
			isa = PBXSourcesBuildPhase;
			buildActionMask = 2147483647;
			files = (
				B18990CC1B07936800F9752A /* SecondViewController.swift in Sources */,
				B18990FC1B0793B500F9752A /* RAMAnimatedTabBarController.swift in Sources */,
				B18990C81B07936800F9752A /* AppDelegate.swift in Sources */,
				B18990FB1B0793B500F9752A /* RAMTransitionItemAnimation.swift in Sources */,
				B18990FD1B0793B500F9752A /* RAMItemAnimationProtocol.swift in Sources */,
				B18990CA1B07936800F9752A /* FirstViewController.swift in Sources */,
				B18990FA1B0793B500F9752A /* RAMRotationAnimation.swift in Sources */,
				B18990F81B0793B500F9752A /* RAMFrameItemAnimation.swift in Sources */,
				B18990F91B0793B500F9752A /* RAMFumeAnimation.swift in Sources */,
				B18990F71B0793B500F9752A /* RAMBounceAnimation.swift in Sources */,
			);
			runOnlyForDeploymentPostprocessing = 0;
		};
		B18990D51B07936800F9752A /* Sources */ = {
			isa = PBXSourcesBuildPhase;
			buildActionMask = 2147483647;
			files = (
				B18990E01B07936800F9752A /* GachaSimuTests.swift in Sources */,
			);
			runOnlyForDeploymentPostprocessing = 0;
		};
/* End PBXSourcesBuildPhase section */

/* Begin PBXTargetDependency section */
		B18990DB1B07936800F9752A /* PBXTargetDependency */ = {
			isa = PBXTargetDependency;
			target = B18990C11B07936800F9752A /* GachaSimu */;
			targetProxy = B18990DA1B07936800F9752A /* PBXContainerItemProxy */;
		};
/* End PBXTargetDependency section */

/* Begin PBXVariantGroup section */
		B18990CD1B07936800F9752A /* Main.storyboard */ = {
			isa = PBXVariantGroup;
			children = (
				B18990CE1B07936800F9752A /* Base */,
			);
			name = Main.storyboard;
			sourceTree = "<group>";
		};
		B18990D21B07936800F9752A /* LaunchScreen.xib */ = {
			isa = PBXVariantGroup;
			children = (
				B18990D31B07936800F9752A /* Base */,
			);
			name = LaunchScreen.xib;
			sourceTree = "<group>";
		};
/* End PBXVariantGroup section */

/* Begin XCBuildConfiguration section */
		B18990E11B07936800F9752A /* Debug */ = {
			isa = XCBuildConfiguration;
			buildSettings = {
				ALWAYS_SEARCH_USER_PATHS = NO;
				CLANG_CXX_LANGUAGE_STANDARD = "gnu++0x";
				CLANG_CXX_LIBRARY = "libc++";
				CLANG_ENABLE_MODULES = YES;
				CLANG_ENABLE_OBJC_ARC = YES;
				CLANG_WARN_BOOL_CONVERSION = YES;
				CLANG_WARN_CONSTANT_CONVERSION = YES;
				CLANG_WARN_DIRECT_OBJC_ISA_USAGE = YES_ERROR;
				CLANG_WARN_EMPTY_BODY = YES;
				CLANG_WARN_ENUM_CONVERSION = YES;
				CLANG_WARN_INT_CONVERSION = YES;
				CLANG_WARN_OBJC_ROOT_CLASS = YES_ERROR;
				CLANG_WARN_UNREACHABLE_CODE = YES;
				CLANG_WARN__DUPLICATE_METHOD_MATCH = YES;
				"CODE_SIGN_IDENTITY[sdk=iphoneos*]" = "iPhone Developer";
				COPY_PHASE_STRIP = NO;
				DEBUG_INFORMATION_FORMAT = "dwarf-with-dsym";
				ENABLE_STRICT_OBJC_MSGSEND = YES;
				GCC_C_LANGUAGE_STANDARD = gnu99;
				GCC_DYNAMIC_NO_PIC = NO;
				GCC_NO_COMMON_BLOCKS = YES;
				GCC_OPTIMIZATION_LEVEL = 0;
				GCC_PREPROCESSOR_DEFINITIONS = (
					"DEBUG=1",
					"$(inherited)",
				);
				GCC_SYMBOLS_PRIVATE_EXTERN = NO;
				GCC_WARN_64_TO_32_BIT_CONVERSION = YES;
				GCC_WARN_ABOUT_RETURN_TYPE = YES_ERROR;
				GCC_WARN_UNDECLARED_SELECTOR = YES;
				GCC_WARN_UNINITIALIZED_AUTOS = YES_AGGRESSIVE;
				GCC_WARN_UNUSED_FUNCTION = YES;
				GCC_WARN_UNUSED_VARIABLE = YES;
				IPHONEOS_DEPLOYMENT_TARGET = 8.3;
				MTL_ENABLE_DEBUG_INFO = YES;
				ONLY_ACTIVE_ARCH = YES;
				SDKROOT = iphoneos;
				SWIFT_OPTIMIZATION_LEVEL = "-Onone";
			};
			name = Debug;
		};
		B18990E21B07936800F9752A /* Release */ = {
			isa = XCBuildConfiguration;
			buildSettings = {
				ALWAYS_SEARCH_USER_PATHS = NO;
				CLANG_CXX_LANGUAGE_STANDARD = "gnu++0x";
				CLANG_CXX_LIBRARY = "libc++";
				CLANG_ENABLE_MODULES = YES;
				CLANG_ENABLE_OBJC_ARC = YES;
				CLANG_WARN_BOOL_CONVERSION = YES;
				CLANG_WARN_CONSTANT_CONVERSION = YES;
				CLANG_WARN_DIRECT_OBJC_ISA_USAGE = YES_ERROR;
				CLANG_WARN_EMPTY_BODY = YES;
				CLANG_WARN_ENUM_CONVERSION = YES;
				CLANG_WARN_INT_CONVERSION = YES;
				CLANG_WARN_OBJC_ROOT_CLASS = YES_ERROR;
				CLANG_WARN_UNREACHABLE_CODE = YES;
				CLANG_WARN__DUPLICATE_METHOD_MATCH = YES;
				"CODE_SIGN_IDENTITY[sdk=iphoneos*]" = "iPhone Developer";
				COPY_PHASE_STRIP = NO;
				DEBUG_INFORMATION_FORMAT = "dwarf-with-dsym";
				ENABLE_NS_ASSERTIONS = NO;
				ENABLE_STRICT_OBJC_MSGSEND = YES;
				GCC_C_LANGUAGE_STANDARD = gnu99;
				GCC_NO_COMMON_BLOCKS = YES;
				GCC_WARN_64_TO_32_BIT_CONVERSION = YES;
				GCC_WARN_ABOUT_RETURN_TYPE = YES_ERROR;
				GCC_WARN_UNDECLARED_SELECTOR = YES;
				GCC_WARN_UNINITIALIZED_AUTOS = YES_AGGRESSIVE;
				GCC_WARN_UNUSED_FUNCTION = YES;
				GCC_WARN_UNUSED_VARIABLE = YES;
				IPHONEOS_DEPLOYMENT_TARGET = 8.3;
				MTL_ENABLE_DEBUG_INFO = NO;
				SDKROOT = iphoneos;
				VALIDATE_PRODUCT = YES;
			};
			name = Release;
		};
		B18990E41B07936800F9752A /* Debug */ = {
			isa = XCBuildConfiguration;
			buildSettings = {
				ASSETCATALOG_COMPILER_APPICON_NAME = AppIcon;
				INFOPLIST_FILE = GachaSimu/Info.plist;
				LD_RUNPATH_SEARCH_PATHS = "$(inherited) @executable_path/Frameworks";
				PRODUCT_NAME = "$(TARGET_NAME)";
			};
			name = Debug;
		};
		B18990E51B07936800F9752A /* Release */ = {
			isa = XCBuildConfiguration;
			buildSettings = {
				ASSETCATALOG_COMPILER_APPICON_NAME = AppIcon;
				INFOPLIST_FILE = GachaSimu/Info.plist;
				LD_RUNPATH_SEARCH_PATHS = "$(inherited) @executable_path/Frameworks";
				PRODUCT_NAME = "$(TARGET_NAME)";
			};
			name = Release;
		};
		B18990E71B07936800F9752A /* Debug */ = {
			isa = XCBuildConfiguration;
			buildSettings = {
				BUNDLE_LOADER = "$(TEST_HOST)";
				FRAMEWORK_SEARCH_PATHS = (
					"$(SDKROOT)/Developer/Library/Frameworks",
					"$(inherited)",
				);
				GCC_PREPROCESSOR_DEFINITIONS = (
					"DEBUG=1",
					"$(inherited)",
				);
				INFOPLIST_FILE = GachaSimuTests/Info.plist;
				LD_RUNPATH_SEARCH_PATHS = "$(inherited) @executable_path/Frameworks @loader_path/Frameworks";
				PRODUCT_NAME = "$(TARGET_NAME)";
				TEST_HOST = "$(BUILT_PRODUCTS_DIR)/GachaSimu.app/GachaSimu";
			};
			name = Debug;
		};
		B18990E81B07936800F9752A /* Release */ = {
			isa = XCBuildConfiguration;
			buildSettings = {
				BUNDLE_LOADER = "$(TEST_HOST)";
				FRAMEWORK_SEARCH_PATHS = (
					"$(SDKROOT)/Developer/Library/Frameworks",
					"$(inherited)",
				);
				INFOPLIST_FILE = GachaSimuTests/Info.plist;
				LD_RUNPATH_SEARCH_PATHS = "$(inherited) @executable_path/Frameworks @loader_path/Frameworks";
				PRODUCT_NAME = "$(TARGET_NAME)";
				TEST_HOST = "$(BUILT_PRODUCTS_DIR)/GachaSimu.app/GachaSimu";
			};
			name = Release;
		};
/* End XCBuildConfiguration section */

/* Begin XCConfigurationList section */
		B18990BD1B07936800F9752A /* Build configuration list for PBXProject "GachaSimu" */ = {
			isa = XCConfigurationList;
			buildConfigurations = (
				B18990E11B07936800F9752A /* Debug */,
				B18990E21B07936800F9752A /* Release */,
			);
			defaultConfigurationIsVisible = 0;
			defaultConfigurationName = Release;
		};
		B18990E31B07936800F9752A /* Build configuration list for PBXNativeTarget "GachaSimu" */ = {
			isa = XCConfigurationList;
			buildConfigurations = (
				B18990E41B07936800F9752A /* Debug */,
				B18990E51B07936800F9752A /* Release */,
			);
			defaultConfigurationIsVisible = 0;
		};
		B18990E61B07936800F9752A /* Build configuration list for PBXNativeTarget "GachaSimuTests" */ = {
			isa = XCConfigurationList;
			buildConfigurations = (
				B18990E71B07936800F9752A /* Debug */,
				B18990E81B07936800F9752A /* Release */,
			);
			defaultConfigurationIsVisible = 0;
		};
/* End XCConfigurationList section */
	};
	rootObject = B18990BA1B07936800F9752A /* Project object */;
}
